// !$*UTF8*$!
{
	archiveVersion = 1;
	classes = {
	};
	objectVersion = 50;
	objects = {

/* Begin PBXBuildFile section */
		4DD9A64720D14CB600F62AD5 /* AppDelegate.swift in Sources */ = {isa = PBXBuildFile; fileRef = 4DD9A64620D14CB600F62AD5 /* AppDelegate.swift */; };
		4DD9A65020D14CB600F62AD5 /* Main.storyboard in Resources */ = {isa = PBXBuildFile; fileRef = 4DD9A64E20D14CB600F62AD5 /* Main.storyboard */; };
		4DD9A65220D14CB700F62AD5 /* Assets.xcassets in Resources */ = {isa = PBXBuildFile; fileRef = 4DD9A65120D14CB700F62AD5 /* Assets.xcassets */; };
		4DD9A65520D14CB700F62AD5 /* LaunchScreen.storyboard in Resources */ = {isa = PBXBuildFile; fileRef = 4DD9A65320D14CB700F62AD5 /* LaunchScreen.storyboard */; };
		4DD9A66220D1720900F62AD5 /* README.md in Resources */ = {isa = PBXBuildFile; fileRef = 4DD9A66120D1720900F62AD5 /* README.md */; };
		4DD9A66420D1907F00F62AD5 /* CustomerInfoVC.swift in Sources */ = {isa = PBXBuildFile; fileRef = 4DD9A66320D1907F00F62AD5 /* CustomerInfoVC.swift */; };
		4DD9A66620D190A600F62AD5 /* CustomerIdentificationVC.swift in Sources */ = {isa = PBXBuildFile; fileRef = 4DD9A66520D190A600F62AD5 /* CustomerIdentificationVC.swift */; };
		4DD9A66820D190C200F62AD5 /* VehicleLoanInfoVC.swift in Sources */ = {isa = PBXBuildFile; fileRef = 4DD9A66720D190C200F62AD5 /* VehicleLoanInfoVC.swift */; };
		4DD9A68C20D1983900F62AD5 /* LoanApplication.xcdatamodeld in Sources */ = {isa = PBXBuildFile; fileRef = 4DD9A68A20D1983900F62AD5 /* LoanApplication.xcdatamodeld */; };
		4DD9A68F20D19F9800F62AD5 /* DataService.swift in Sources */ = {isa = PBXBuildFile; fileRef = 4DD9A68E20D19F9800F62AD5 /* DataService.swift */; };
		4DD9A69120D1A63C00F62AD5 /* LoanApplication.swift in Sources */ = {isa = PBXBuildFile; fileRef = 4DD9A69020D1A63C00F62AD5 /* LoanApplication.swift */; };
/* End PBXBuildFile section */

/* Begin PBXFileReference section */
		4DD9A64320D14CB600F62AD5 /* hackday-2018-blockchain-loan-application.app */ = {isa = PBXFileReference; explicitFileType = wrapper.application; includeInIndex = 0; path = "hackday-2018-blockchain-loan-application.app"; sourceTree = BUILT_PRODUCTS_DIR; };
		4DD9A64620D14CB600F62AD5 /* AppDelegate.swift */ = {isa = PBXFileReference; lastKnownFileType = sourcecode.swift; path = AppDelegate.swift; sourceTree = "<group>"; };
		4DD9A64F20D14CB600F62AD5 /* Base */ = {isa = PBXFileReference; lastKnownFileType = file.storyboard; name = Base; path = Base.lproj/Main.storyboard; sourceTree = "<group>"; };
		4DD9A65120D14CB700F62AD5 /* Assets.xcassets */ = {isa = PBXFileReference; lastKnownFileType = folder.assetcatalog; path = Assets.xcassets; sourceTree = "<group>"; };
		4DD9A65420D14CB700F62AD5 /* Base */ = {isa = PBXFileReference; lastKnownFileType = file.storyboard; name = Base; path = Base.lproj/LaunchScreen.storyboard; sourceTree = "<group>"; };
		4DD9A65620D14CB700F62AD5 /* Info.plist */ = {isa = PBXFileReference; lastKnownFileType = text.plist.xml; path = Info.plist; sourceTree = "<group>"; };
		4DD9A66120D1720900F62AD5 /* README.md */ = {isa = PBXFileReference; lastKnownFileType = net.daringfireball.markdown; path = README.md; sourceTree = "<group>"; };
		4DD9A66320D1907F00F62AD5 /* CustomerInfoVC.swift */ = {isa = PBXFileReference; lastKnownFileType = sourcecode.swift; path = CustomerInfoVC.swift; sourceTree = "<group>"; };
		4DD9A66520D190A600F62AD5 /* CustomerIdentificationVC.swift */ = {isa = PBXFileReference; lastKnownFileType = sourcecode.swift; path = CustomerIdentificationVC.swift; sourceTree = "<group>"; };
		4DD9A66720D190C200F62AD5 /* VehicleLoanInfoVC.swift */ = {isa = PBXFileReference; lastKnownFileType = sourcecode.swift; path = VehicleLoanInfoVC.swift; sourceTree = "<group>"; };
		4DD9A68B20D1983900F62AD5 /* VehicleLoan.xcdatamodel */ = {isa = PBXFileReference; lastKnownFileType = wrapper.xcdatamodel; path = VehicleLoan.xcdatamodel; sourceTree = "<group>"; };
		4DD9A68E20D19F9800F62AD5 /* DataService.swift */ = {isa = PBXFileReference; lastKnownFileType = sourcecode.swift; path = DataService.swift; sourceTree = "<group>"; };
		4DD9A69020D1A63C00F62AD5 /* LoanApplication.swift */ = {isa = PBXFileReference; lastKnownFileType = sourcecode.swift; path = LoanApplication.swift; sourceTree = "<group>"; };
/* End PBXFileReference section */

/* Begin PBXFrameworksBuildPhase section */
		4DD9A64020D14CB600F62AD5 /* Frameworks */ = {
			isa = PBXFrameworksBuildPhase;
			buildActionMask = 2147483647;
			files = (
			);
			runOnlyForDeploymentPostprocessing = 0;
		};
/* End PBXFrameworksBuildPhase section */

/* Begin PBXGroup section */
		4DD9A63A20D14CB600F62AD5 = {
			isa = PBXGroup;
			children = (
				4DD9A64520D14CB600F62AD5 /* hackday-2018-blockchain-loan-application */,
				4DD9A64420D14CB600F62AD5 /* Products */,
			);
			sourceTree = "<group>";
		};
		4DD9A64420D14CB600F62AD5 /* Products */ = {
			isa = PBXGroup;
			children = (
				4DD9A64320D14CB600F62AD5 /* hackday-2018-blockchain-loan-application.app */,
			);
			name = Products;
			sourceTree = "<group>";
		};
		4DD9A64520D14CB600F62AD5 /* hackday-2018-blockchain-loan-application */ = {
			isa = PBXGroup;
			children = (
				4DD9A68D20D19F8300F62AD5 /* Services */,
				4DD9A66020D1502500F62AD5 /* Views */,
				4DD9A65F20D1501F00F62AD5 /* Model */,
				4DD9A65E20D1501600F62AD5 /* Controllers */,
				4DD9A64620D14CB600F62AD5 /* AppDelegate.swift */,
				4DD9A64E20D14CB600F62AD5 /* Main.storyboard */,
				4DD9A65120D14CB700F62AD5 /* Assets.xcassets */,
				4DD9A65320D14CB700F62AD5 /* LaunchScreen.storyboard */,
				4DD9A65620D14CB700F62AD5 /* Info.plist */,
				4DD9A66120D1720900F62AD5 /* README.md */,
				4DD9A68A20D1983900F62AD5 /* LoanApplication.xcdatamodeld */,
			);
			path = "hackday-2018-blockchain-loan-application";
			sourceTree = "<group>";
		};
		4DD9A65E20D1501600F62AD5 /* Controllers */ = {
			isa = PBXGroup;
			children = (
				4DD9A66320D1907F00F62AD5 /* CustomerInfoVC.swift */,
				4DD9A66520D190A600F62AD5 /* CustomerIdentificationVC.swift */,
				4DD9A66720D190C200F62AD5 /* VehicleLoanInfoVC.swift */,
			);
			path = Controllers;
			sourceTree = "<group>";
		};
		4DD9A65F20D1501F00F62AD5 /* Model */ = {
			isa = PBXGroup;
			children = (
				4DD9A69020D1A63C00F62AD5 /* LoanApplication.swift */,
			);
			path = Model;
			sourceTree = "<group>";
		};
		4DD9A66020D1502500F62AD5 /* Views */ = {
			isa = PBXGroup;
			children = (
			);
			path = Views;
			sourceTree = "<group>";
		};
		4DD9A68D20D19F8300F62AD5 /* Services */ = {
			isa = PBXGroup;
			children = (
				4DD9A68E20D19F9800F62AD5 /* DataService.swift */,
			);
			path = Services;
			sourceTree = "<group>";
		};
/* End PBXGroup section */

/* Begin PBXNativeTarget section */
		4DD9A64220D14CB600F62AD5 /* hackday-2018-blockchain-loan-application */ = {
			isa = PBXNativeTarget;
			buildConfigurationList = 4DD9A65920D14CB700F62AD5 /* Build configuration list for PBXNativeTarget "hackday-2018-blockchain-loan-application" */;
			buildPhases = (
				4DD9A63F20D14CB600F62AD5 /* Sources */,
				4DD9A64020D14CB600F62AD5 /* Frameworks */,
				4DD9A64120D14CB600F62AD5 /* Resources */,
			);
			buildRules = (
			);
			dependencies = (
			);
			name = "hackday-2018-blockchain-loan-application";
			productName = "hackday-2018-blockchain-loan-application";
			productReference = 4DD9A64320D14CB600F62AD5 /* hackday-2018-blockchain-loan-application.app */;
			productType = "com.apple.product-type.application";
		};
/* End PBXNativeTarget section */

/* Begin PBXProject section */
		4DD9A63B20D14CB600F62AD5 /* Project object */ = {
			isa = PBXProject;
			attributes = {
				LastSwiftUpdateCheck = 0930;
				LastUpgradeCheck = 0930;
				ORGANIZATIONNAME = "Rick Pearce";
				TargetAttributes = {
					4DD9A64220D14CB600F62AD5 = {
						CreatedOnToolsVersion = 9.3;
					};
				};
			};
			buildConfigurationList = 4DD9A63E20D14CB600F62AD5 /* Build configuration list for PBXProject "hackday-2018-blockchain-loan-application" */;
			compatibilityVersion = "Xcode 9.3";
			developmentRegion = en;
			hasScannedForEncodings = 0;
			knownRegions = (
				en,
				Base,
			);
			mainGroup = 4DD9A63A20D14CB600F62AD5;
			productRefGroup = 4DD9A64420D14CB600F62AD5 /* Products */;
			projectDirPath = "";
			projectRoot = "";
			targets = (
				4DD9A64220D14CB600F62AD5 /* hackday-2018-blockchain-loan-application */,
			);
		};
/* End PBXProject section */

/* Begin PBXResourcesBuildPhase section */
		4DD9A64120D14CB600F62AD5 /* Resources */ = {
			isa = PBXResourcesBuildPhase;
			buildActionMask = 2147483647;
			files = (
				4DD9A65520D14CB700F62AD5 /* LaunchScreen.storyboard in Resources */,
				4DD9A65220D14CB700F62AD5 /* Assets.xcassets in Resources */,
				4DD9A66220D1720900F62AD5 /* README.md in Resources */,
				4DD9A65020D14CB600F62AD5 /* Main.storyboard in Resources */,
			);
			runOnlyForDeploymentPostprocessing = 0;
		};
/* End PBXResourcesBuildPhase section */

/* Begin PBXSourcesBuildPhase section */
		4DD9A63F20D14CB600F62AD5 /* Sources */ = {
			isa = PBXSourcesBuildPhase;
			buildActionMask = 2147483647;
			files = (
				4DD9A66420D1907F00F62AD5 /* CustomerInfoVC.swift in Sources */,
				4DD9A68C20D1983900F62AD5 /* LoanApplication.xcdatamodeld in Sources */,
				4DD9A66620D190A600F62AD5 /* CustomerIdentificationVC.swift in Sources */,
				4DD9A69120D1A63C00F62AD5 /* LoanApplication.swift in Sources */,
				4DD9A68F20D19F9800F62AD5 /* DataService.swift in Sources */,
				4DD9A64720D14CB600F62AD5 /* AppDelegate.swift in Sources */,
				4DD9A66820D190C200F62AD5 /* VehicleLoanInfoVC.swift in Sources */,
			);
			runOnlyForDeploymentPostprocessing = 0;
		};
/* End PBXSourcesBuildPhase section */

/* Begin PBXVariantGroup section */
		4DD9A64E20D14CB600F62AD5 /* Main.storyboard */ = {
			isa = PBXVariantGroup;
			children = (
				4DD9A64F20D14CB600F62AD5 /* Base */,
			);
			name = Main.storyboard;
			sourceTree = "<group>";
		};
		4DD9A65320D14CB700F62AD5 /* LaunchScreen.storyboard */ = {
			isa = PBXVariantGroup;
			children = (
				4DD9A65420D14CB700F62AD5 /* Base */,
			);
			name = LaunchScreen.storyboard;
			sourceTree = "<group>";
		};
/* End PBXVariantGroup section */

/* Begin XCBuildConfiguration section */
		4DD9A65720D14CB700F62AD5 /* Debug */ = {
			isa = XCBuildConfiguration;
			buildSettings = {
				ALWAYS_SEARCH_USER_PATHS = NO;
				CLANG_ANALYZER_NONNULL = YES;
				CLANG_ANALYZER_NUMBER_OBJECT_CONVERSION = YES_AGGRESSIVE;
				CLANG_CXX_LANGUAGE_STANDARD = "gnu++14";
				CLANG_CXX_LIBRARY = "libc++";
				CLANG_ENABLE_MODULES = YES;
				CLANG_ENABLE_OBJC_ARC = YES;
				CLANG_ENABLE_OBJC_WEAK = YES;
				CLANG_WARN_BLOCK_CAPTURE_AUTORELEASING = YES;
				CLANG_WARN_BOOL_CONVERSION = YES;
				CLANG_WARN_COMMA = YES;
				CLANG_WARN_CONSTANT_CONVERSION = YES;
				CLANG_WARN_DEPRECATED_OBJC_IMPLEMENTATIONS = YES;
				CLANG_WARN_DIRECT_OBJC_ISA_USAGE = YES_ERROR;
				CLANG_WARN_DOCUMENTATION_COMMENTS = YES;
				CLANG_WARN_EMPTY_BODY = YES;
				CLANG_WARN_ENUM_CONVERSION = YES;
				CLANG_WARN_INFINITE_RECURSION = YES;
				CLANG_WARN_INT_CONVERSION = YES;
				CLANG_WARN_NON_LITERAL_NULL_CONVERSION = YES;
				CLANG_WARN_OBJC_IMPLICIT_RETAIN_SELF = YES;
				CLANG_WARN_OBJC_LITERAL_CONVERSION = YES;
				CLANG_WARN_OBJC_ROOT_CLASS = YES_ERROR;
				CLANG_WARN_RANGE_LOOP_ANALYSIS = YES;
				CLANG_WARN_STRICT_PROTOTYPES = YES;
				CLANG_WARN_SUSPICIOUS_MOVE = YES;
				CLANG_WARN_UNGUARDED_AVAILABILITY = YES_AGGRESSIVE;
				CLANG_WARN_UNREACHABLE_CODE = YES;
				CLANG_WARN__DUPLICATE_METHOD_MATCH = YES;
				CODE_SIGN_IDENTITY = "iPhone Developer";
				COPY_PHASE_STRIP = NO;
				DEBUG_INFORMATION_FORMAT = dwarf;
				ENABLE_STRICT_OBJC_MSGSEND = YES;
				ENABLE_TESTABILITY = YES;
				GCC_C_LANGUAGE_STANDARD = gnu11;
				GCC_DYNAMIC_NO_PIC = NO;
				GCC_NO_COMMON_BLOCKS = YES;
				GCC_OPTIMIZATION_LEVEL = 0;
				GCC_PREPROCESSOR_DEFINITIONS = (
					"DEBUG=1",
					"$(inherited)",
				);
				GCC_WARN_64_TO_32_BIT_CONVERSION = YES;
				GCC_WARN_ABOUT_RETURN_TYPE = YES_ERROR;
				GCC_WARN_UNDECLARED_SELECTOR = YES;
				GCC_WARN_UNINITIALIZED_AUTOS = YES_AGGRESSIVE;
				GCC_WARN_UNUSED_FUNCTION = YES;
				GCC_WARN_UNUSED_VARIABLE = YES;
				IPHONEOS_DEPLOYMENT_TARGET = 11.3;
				MTL_ENABLE_DEBUG_INFO = YES;
				ONLY_ACTIVE_ARCH = YES;
				SDKROOT = iphoneos;
				SWIFT_ACTIVE_COMPILATION_CONDITIONS = DEBUG;
				SWIFT_OPTIMIZATION_LEVEL = "-Onone";
			};
			name = Debug;
		};
		4DD9A65820D14CB700F62AD5 /* Release */ = {
			isa = XCBuildConfiguration;
			buildSettings = {
				ALWAYS_SEARCH_USER_PATHS = NO;
				CLANG_ANALYZER_NONNULL = YES;
				CLANG_ANALYZER_NUMBER_OBJECT_CONVERSION = YES_AGGRESSIVE;
				CLANG_CXX_LANGUAGE_STANDARD = "gnu++14";
				CLANG_CXX_LIBRARY = "libc++";
				CLANG_ENABLE_MODULES = YES;
				CLANG_ENABLE_OBJC_ARC = YES;
				CLANG_ENABLE_OBJC_WEAK = YES;
				CLANG_WARN_BLOCK_CAPTURE_AUTORELEASING = YES;
				CLANG_WARN_BOOL_CONVERSION = YES;
				CLANG_WARN_COMMA = YES;
				CLANG_WARN_CONSTANT_CONVERSION = YES;
				CLANG_WARN_DEPRECATED_OBJC_IMPLEMENTATIONS = YES;
				CLANG_WARN_DIRECT_OBJC_ISA_USAGE = YES_ERROR;
				CLANG_WARN_DOCUMENTATION_COMMENTS = YES;
				CLANG_WARN_EMPTY_BODY = YES;
				CLANG_WARN_ENUM_CONVERSION = YES;
				CLANG_WARN_INFINITE_RECURSION = YES;
				CLANG_WARN_INT_CONVERSION = YES;
				CLANG_WARN_NON_LITERAL_NULL_CONVERSION = YES;
				CLANG_WARN_OBJC_IMPLICIT_RETAIN_SELF = YES;
				CLANG_WARN_OBJC_LITERAL_CONVERSION = YES;
				CLANG_WARN_OBJC_ROOT_CLASS = YES_ERROR;
				CLANG_WARN_RANGE_LOOP_ANALYSIS = YES;
				CLANG_WARN_STRICT_PROTOTYPES = YES;
				CLANG_WARN_SUSPICIOUS_MOVE = YES;
				CLANG_WARN_UNGUARDED_AVAILABILITY = YES_AGGRESSIVE;
				CLANG_WARN_UNREACHABLE_CODE = YES;
				CLANG_WARN__DUPLICATE_METHOD_MATCH = YES;
				CODE_SIGN_IDENTITY = "iPhone Developer";
				COPY_PHASE_STRIP = NO;
				DEBUG_INFORMATION_FORMAT = "dwarf-with-dsym";
				ENABLE_NS_ASSERTIONS = NO;
				ENABLE_STRICT_OBJC_MSGSEND = YES;
				GCC_C_LANGUAGE_STANDARD = gnu11;
				GCC_NO_COMMON_BLOCKS = YES;
				GCC_WARN_64_TO_32_BIT_CONVERSION = YES;
				GCC_WARN_ABOUT_RETURN_TYPE = YES_ERROR;
				GCC_WARN_UNDECLARED_SELECTOR = YES;
				GCC_WARN_UNINITIALIZED_AUTOS = YES_AGGRESSIVE;
				GCC_WARN_UNUSED_FUNCTION = YES;
				GCC_WARN_UNUSED_VARIABLE = YES;
				IPHONEOS_DEPLOYMENT_TARGET = 11.3;
				MTL_ENABLE_DEBUG_INFO = NO;
				SDKROOT = iphoneos;
				SWIFT_COMPILATION_MODE = wholemodule;
				SWIFT_OPTIMIZATION_LEVEL = "-O";
				VALIDATE_PRODUCT = YES;
			};
			name = Release;
		};
		4DD9A65A20D14CB700F62AD5 /* Debug */ = {
			isa = XCBuildConfiguration;
			buildSettings = {
				ASSETCATALOG_COMPILER_APPICON_NAME = AppIcon;
				CODE_SIGN_STYLE = Automatic;
				DEVELOPMENT_TEAM = 7UVW89GGJ4;
				INFOPLIST_FILE = "hackday-2018-blockchain-loan-application/Info.plist";
				LD_RUNPATH_SEARCH_PATHS = (
					"$(inherited)",
					"@executable_path/Frameworks",
				);
				PRODUCT_BUNDLE_IDENTIFIER = "com.pearce.hackday-2018-blockchain-loan-application";
				PRODUCT_NAME = "$(TARGET_NAME)";
				SWIFT_VERSION = 4.0;
				TARGETED_DEVICE_FAMILY = "1,2";
			};
			name = Debug;
		};
		4DD9A65B20D14CB700F62AD5 /* Release */ = {
			isa = XCBuildConfiguration;
			buildSettings = {
				ASSETCATALOG_COMPILER_APPICON_NAME = AppIcon;
				CODE_SIGN_STYLE = Automatic;
				DEVELOPMENT_TEAM = 7UVW89GGJ4;
				INFOPLIST_FILE = "hackday-2018-blockchain-loan-application/Info.plist";
				LD_RUNPATH_SEARCH_PATHS = (
					"$(inherited)",
					"@executable_path/Frameworks",
				);
				PRODUCT_BUNDLE_IDENTIFIER = "com.pearce.hackday-2018-blockchain-loan-application";
				PRODUCT_NAME = "$(TARGET_NAME)";
				SWIFT_VERSION = 4.0;
				TARGETED_DEVICE_FAMILY = "1,2";
			};
			name = Release;
		};
/* End XCBuildConfiguration section */

/* Begin XCConfigurationList section */
		4DD9A63E20D14CB600F62AD5 /* Build configuration list for PBXProject "hackday-2018-blockchain-loan-application" */ = {
			isa = XCConfigurationList;
			buildConfigurations = (
				4DD9A65720D14CB700F62AD5 /* Debug */,
				4DD9A65820D14CB700F62AD5 /* Release */,
			);
			defaultConfigurationIsVisible = 0;
			defaultConfigurationName = Release;
		};
		4DD9A65920D14CB700F62AD5 /* Build configuration list for PBXNativeTarget "hackday-2018-blockchain-loan-application" */ = {
			isa = XCConfigurationList;
			buildConfigurations = (
				4DD9A65A20D14CB700F62AD5 /* Debug */,
				4DD9A65B20D14CB700F62AD5 /* Release */,
			);
			defaultConfigurationIsVisible = 0;
			defaultConfigurationName = Release;
		};
/* End XCConfigurationList section */

/* Begin XCVersionGroup section */
		4DD9A68A20D1983900F62AD5 /* LoanApplication.xcdatamodeld */ = {
			isa = XCVersionGroup;
			children = (
				4DD9A68B20D1983900F62AD5 /* VehicleLoan.xcdatamodel */,
			);
			currentVersion = 4DD9A68B20D1983900F62AD5 /* VehicleLoan.xcdatamodel */;
			path = LoanApplication.xcdatamodeld;
			sourceTree = "<group>";
			versionGroupType = wrapper.xcdatamodel;
		};
/* End XCVersionGroup section */
	};
	rootObject = 4DD9A63B20D14CB600F62AD5 /* Project object */;
}
